
Microsoft Visual Studio Solution File, Format Version 12.00
# Visual Studio Version 16
VisualStudioVersion = 16.0.30804.86
MinimumVisualStudioVersion = 10.0.40219.1
Project("{FAE04EC0-301F-11D3-BF4B-00C04F79EFBC}") = "AddressBook.Domain", "AddressBook.Domain\AddressBook.Domain.csproj", "{65FFB85D-DE87-4E41-B19B-61F2ED17DC9A}"
EndProject
Global
	GlobalSection(SolutionConfigurationPlatforms) = preSolution
		Debug|Any CPU = Debug|Any CPU
		Release|Any CPU = Release|Any CPU
	EndGlobalSection
	GlobalSection(ProjectConfigurationPlatforms) = postSolution
		{65FFB85D-DE87-4E41-B19B-61F2ED17DC9A}.Debug|Any CPU.ActiveCfg = Debug|Any CPU
		{65FFB85D-DE87-4E41-B19B-61F2ED17DC9A}.Debug|Any CPU.Build.0 = Debug|Any CPU
		{65FFB85D-DE87-4E41-B19B-61F2ED17DC9A}.Release|Any CPU.ActiveCfg = Release|Any CPU
		{65FFB85D-DE87-4E41-B19B-61F2ED17DC9A}.Release|Any CPU.Build.0 = Release|Any CPU
	EndGlobalSection
	GlobalSection(SolutionProperties) = preSolution
		HideSolutionNode = FALSE
	EndGlobalSection
	GlobalSection(ExtensibilityGlobals) = postSolution
		SolutionGuid = {4FF01904-D183-4282-8F40-C3883A969852}
	EndGlobalSection
EndGlobal
